
Microsoft Visual Studio Solution File, Format Version 12.00
# Visual Studio 15
VisualStudioVersion = 15.0.27703.2042
MinimumVisualStudioVersion = 10.0.40219.1
Project("{FAE04EC0-301F-11D3-BF4B-00C04F79EFBC}") = "Discod NETOP", "Discod NETOP\Discod NETOP.csproj", "{2A44DA57-A797-4B37-9E6F-9DF2191A82C8}"
EndProject
Project("{FAE04EC0-301F-11D3-BF4B-00C04F79EFBC}") = "DiscordNETOP.Core", "DiscordNETOP.Core\DiscordNETOP.Core.csproj", "{AB51250D-D02C-4583-B7C9-081E5DE62080}"
EndProject
Global
	GlobalSection(SolutionConfigurationPlatforms) = preSolution
		Debug|Any CPU = Debug|Any CPU
		Release|Any CPU = Release|Any CPU
	EndGlobalSection
	GlobalSection(ProjectConfigurationPlatforms) = postSolution
		{2A44DA57-A797-4B37-9E6F-9DF2191A82C8}.Debug|Any CPU.ActiveCfg = Debug|Any CPU
		{2A44DA57-A797-4B37-9E6F-9DF2191A82C8}.Debug|Any CPU.Build.0 = Debug|Any CPU
		{2A44DA57-A797-4B37-9E6F-9DF2191A82C8}.Release|Any CPU.ActiveCfg = Release|Any CPU
		{2A44DA57-A797-4B37-9E6F-9DF2191A82C8}.Release|Any CPU.Build.0 = Release|Any CPU
		{AB51250D-D02C-4583-B7C9-081E5DE62080}.Debug|Any CPU.ActiveCfg = Debug|Any CPU
		{AB51250D-D02C-4583-B7C9-081E5DE62080}.Debug|Any CPU.Build.0 = Debug|Any CPU
		{AB51250D-D02C-4583-B7C9-081E5DE62080}.Release|Any CPU.ActiveCfg = Release|Any CPU
		{AB51250D-D02C-4583-B7C9-081E5DE62080}.Release|Any CPU.Build.0 = Release|Any CPU
	EndGlobalSection
	GlobalSection(SolutionProperties) = preSolution
		HideSolutionNode = FALSE
	EndGlobalSection
	GlobalSection(ExtensibilityGlobals) = postSolution
		SolutionGuid = {8F512E6E-1875-4527-B640-203CD697A102}
	EndGlobalSection
EndGlobal
